
Microsoft Visual Studio Solution File, Format Version 12.00
# Visual Studio Version 16
VisualStudioVersion = 16.0.32802.440
MinimumVisualStudioVersion = 10.0.40219.1
Project("{FAE04EC0-301F-11D3-BF4B-00C04F79EFBC}") = "CountryDataUI", "CountryDataUI.csproj", "{08F5D654-59DB-4039-963C-139B63DACF36}"
EndProject
Project("{9A19103F-16F7-4668-BE54-9A1E7A4F7556}") = "CountryModel", "..\CountryModel\CountryModel.csproj", "{3455DC77-DA2B-4B55-BE47-FF22F09B8A51}"
EndProject
Global
	GlobalSection(SolutionConfigurationPlatforms) = preSolution
		Debug|Any CPU = Debug|Any CPU
		Release|Any CPU = Release|Any CPU
	EndGlobalSection
	GlobalSection(ProjectConfigurationPlatforms) = postSolution
		{08F5D654-59DB-4039-963C-139B63DACF36}.Debug|Any CPU.ActiveCfg = Debug|Any CPU
		{08F5D654-59DB-4039-963C-139B63DACF36}.Debug|Any CPU.Build.0 = Debug|Any CPU
		{08F5D654-59DB-4039-963C-139B63DACF36}.Release|Any CPU.ActiveCfg = Release|Any CPU
		{08F5D654-59DB-4039-963C-139B63DACF36}.Release|Any CPU.Build.0 = Release|Any CPU
		{3455DC77-DA2B-4B55-BE47-FF22F09B8A51}.Debug|Any CPU.ActiveCfg = Debug|Any CPU
		{3455DC77-DA2B-4B55-BE47-FF22F09B8A51}.Debug|Any CPU.Build.0 = Debug|Any CPU
		{3455DC77-DA2B-4B55-BE47-FF22F09B8A51}.Release|Any CPU.ActiveCfg = Release|Any CPU
		{3455DC77-DA2B-4B55-BE47-FF22F09B8A51}.Release|Any CPU.Build.0 = Release|Any CPU
	EndGlobalSection
	GlobalSection(SolutionProperties) = preSolution
		HideSolutionNode = FALSE
	EndGlobalSection
	GlobalSection(ExtensibilityGlobals) = postSolution
		SolutionGuid = {A7C0341B-DA3E-4BDF-9396-6A4F5ACAF83D}
	EndGlobalSection
EndGlobal
