
Microsoft Visual Studio Solution File, Format Version 12.00
# Visual Studio Version 16
VisualStudioVersion = 16.0.32802.440
MinimumVisualStudioVersion = 10.0.40219.1
Project("{FAE04EC0-301F-11D3-BF4B-00C04F79EFBC}") = "CountryDataAPI", "CountryDataAPI.csproj", "{AC8E663A-D36D-47DD-973C-BE6F860246F2}"
EndProject
Project("{9A19103F-16F7-4668-BE54-9A1E7A4F7556}") = "DatabaseFactory", "..\..\SurveySchoolForm\SurveySchoolForm\DatabaseFactory\DatabaseFactory.csproj", "{C9A9D614-2414-49B0-ADA0-B60BB3689BA5}"
EndProject
Project("{FAE04EC0-301F-11D3-BF4B-00C04F79EFBC}") = "CountryModel", "..\CountryModel\CountryModel.csproj", "{A94D43A5-5D79-438E-A6DD-49AB8DDD5440}"
EndProject
Project("{FAE04EC0-301F-11D3-BF4B-00C04F79EFBC}") = "CountryBL", "..\CountryBL\CountryBL.csproj", "{C753B755-3231-440F-8613-538C2F0CD32D}"
EndProject
Project("{FAE04EC0-301F-11D3-BF4B-00C04F79EFBC}") = "CountryRepository", "..\CountryRepository\CountryRepository.csproj", "{4EB50080-4BE7-40FD-A05B-8C18EDCA687D}"
EndProject
Global
	GlobalSection(SolutionConfigurationPlatforms) = preSolution
		Debug|Any CPU = Debug|Any CPU
		Release|Any CPU = Release|Any CPU
	EndGlobalSection
	GlobalSection(ProjectConfigurationPlatforms) = postSolution
		{AC8E663A-D36D-47DD-973C-BE6F860246F2}.Debug|Any CPU.ActiveCfg = Debug|Any CPU
		{AC8E663A-D36D-47DD-973C-BE6F860246F2}.Debug|Any CPU.Build.0 = Debug|Any CPU
		{AC8E663A-D36D-47DD-973C-BE6F860246F2}.Release|Any CPU.ActiveCfg = Release|Any CPU
		{AC8E663A-D36D-47DD-973C-BE6F860246F2}.Release|Any CPU.Build.0 = Release|Any CPU
		{C9A9D614-2414-49B0-ADA0-B60BB3689BA5}.Debug|Any CPU.ActiveCfg = Debug|Any CPU
		{C9A9D614-2414-49B0-ADA0-B60BB3689BA5}.Debug|Any CPU.Build.0 = Debug|Any CPU
		{C9A9D614-2414-49B0-ADA0-B60BB3689BA5}.Release|Any CPU.ActiveCfg = Release|Any CPU
		{C9A9D614-2414-49B0-ADA0-B60BB3689BA5}.Release|Any CPU.Build.0 = Release|Any CPU
		{A94D43A5-5D79-438E-A6DD-49AB8DDD5440}.Debug|Any CPU.ActiveCfg = Debug|Any CPU
		{A94D43A5-5D79-438E-A6DD-49AB8DDD5440}.Debug|Any CPU.Build.0 = Debug|Any CPU
		{A94D43A5-5D79-438E-A6DD-49AB8DDD5440}.Release|Any CPU.ActiveCfg = Release|Any CPU
		{A94D43A5-5D79-438E-A6DD-49AB8DDD5440}.Release|Any CPU.Build.0 = Release|Any CPU
		{C753B755-3231-440F-8613-538C2F0CD32D}.Debug|Any CPU.ActiveCfg = Debug|Any CPU
		{C753B755-3231-440F-8613-538C2F0CD32D}.Debug|Any CPU.Build.0 = Debug|Any CPU
		{C753B755-3231-440F-8613-538C2F0CD32D}.Release|Any CPU.ActiveCfg = Release|Any CPU
		{C753B755-3231-440F-8613-538C2F0CD32D}.Release|Any CPU.Build.0 = Release|Any CPU
		{4EB50080-4BE7-40FD-A05B-8C18EDCA687D}.Debug|Any CPU.ActiveCfg = Debug|Any CPU
		{4EB50080-4BE7-40FD-A05B-8C18EDCA687D}.Debug|Any CPU.Build.0 = Debug|Any CPU
		{4EB50080-4BE7-40FD-A05B-8C18EDCA687D}.Release|Any CPU.ActiveCfg = Release|Any CPU
		{4EB50080-4BE7-40FD-A05B-8C18EDCA687D}.Release|Any CPU.Build.0 = Release|Any CPU
	EndGlobalSection
	GlobalSection(SolutionProperties) = preSolution
		HideSolutionNode = FALSE
	EndGlobalSection
	GlobalSection(ExtensibilityGlobals) = postSolution
		SolutionGuid = {DE0ED151-1A33-4454-897D-866A8DCFA780}
	EndGlobalSection
EndGlobal
